lockfileVersion: '9.0'

settings:
  autoInstallPeers: true
  excludeLinksFromLockfile: false

dependencies:
  '@hookform/resolvers': 3.9.1
  '@radix-ui/react-accordion': 1.2.2
  # ... other dependencies from your package.json
  zod: 3.24.1

devDependencies:
  '@types/node': 22.0.0
  '@types/react': 19.0.0
  '@types/react-dom': 19.0.0
  postcss: 8.4.31
  tailwindcss: 3.4.17
  typescript: 5.3.3

packages:
  # This section would contain all the resolved packages and their dependencies
  # It's automatically generated by pnpm